
Microsoft Visual Studio Solution File, Format Version 12.00
# Visual Studio Version 17
VisualStudioVersion = 17.3.32811.315
MinimumVisualStudioVersion = 10.0.40219.1
Project("{9A19103F-16F7-4668-BE54-9A1E7A4F7556}") = "RecipeWinForms", "RecipeWinForms\RecipeWinForms.csproj", "{E54A76CD-D421-4CA0-A957-A03E86EA003B}"
EndProject
Project("{9A19103F-16F7-4668-BE54-9A1E7A4F7556}") = "CPUFramework", "..\..\CPUFramework\CPUFramework.csproj", "{2EB21454-88FD-4972-AFEB-61DDD15EB915}"
EndProject
Project("{9A19103F-16F7-4668-BE54-9A1E7A4F7556}") = "CPUWindowsFormsFrameWork", "..\..\CPUWindowsFormsFrameWork\CPUWindowsFormsFrameWork.csproj", "{E65C255D-DECF-4FCE-8C97-5471292B85E9}"
EndProject
Global
	GlobalSection(SolutionConfigurationPlatforms) = preSolution
		Debug|Any CPU = Debug|Any CPU
		Release|Any CPU = Release|Any CPU
	EndGlobalSection
	GlobalSection(ProjectConfigurationPlatforms) = postSolution
		{E54A76CD-D421-4CA0-A957-A03E86EA003B}.Debug|Any CPU.ActiveCfg = Debug|Any CPU
		{E54A76CD-D421-4CA0-A957-A03E86EA003B}.Debug|Any CPU.Build.0 = Debug|Any CPU
		{E54A76CD-D421-4CA0-A957-A03E86EA003B}.Release|Any CPU.ActiveCfg = Release|Any CPU
		{E54A76CD-D421-4CA0-A957-A03E86EA003B}.Release|Any CPU.Build.0 = Release|Any CPU
		{2EB21454-88FD-4972-AFEB-61DDD15EB915}.Debug|Any CPU.ActiveCfg = Debug|Any CPU
		{2EB21454-88FD-4972-AFEB-61DDD15EB915}.Debug|Any CPU.Build.0 = Debug|Any CPU
		{2EB21454-88FD-4972-AFEB-61DDD15EB915}.Release|Any CPU.ActiveCfg = Release|Any CPU
		{2EB21454-88FD-4972-AFEB-61DDD15EB915}.Release|Any CPU.Build.0 = Release|Any CPU
		{E65C255D-DECF-4FCE-8C97-5471292B85E9}.Debug|Any CPU.ActiveCfg = Debug|Any CPU
		{E65C255D-DECF-4FCE-8C97-5471292B85E9}.Debug|Any CPU.Build.0 = Debug|Any CPU
		{E65C255D-DECF-4FCE-8C97-5471292B85E9}.Release|Any CPU.ActiveCfg = Release|Any CPU
		{E65C255D-DECF-4FCE-8C97-5471292B85E9}.Release|Any CPU.Build.0 = Release|Any CPU
	EndGlobalSection
	GlobalSection(SolutionProperties) = preSolution
		HideSolutionNode = FALSE
	EndGlobalSection
	GlobalSection(ExtensibilityGlobals) = postSolution
		SolutionGuid = {D8ED00FE-33CA-4E8A-B89D-166F2C6B1303}
	EndGlobalSection
EndGlobal
